
Microsoft Visual Studio Solution File, Format Version 12.00
# Visual Studio Version 16
VisualStudioVersion = 16.0.31105.61
MinimumVisualStudioVersion = 10.0.40219.1
Project("{2150E333-8FDC-42A3-9474-1A3956D46DE8}") = "src", "src", "{25EB0E37-00A4-4C93-A1E1-6F89236BFB71}"
EndProject
Project("{2150E333-8FDC-42A3-9474-1A3956D46DE8}") = "Services", "Services", "{771BEA3F-0D7E-4CB7-99C9-C0FCAF552FA4}"
EndProject
Project("{2150E333-8FDC-42A3-9474-1A3956D46DE8}") = "User", "User", "{500DFE73-430E-409C-831F-5BDCFAB433F8}"
EndProject
Project("{2150E333-8FDC-42A3-9474-1A3956D46DE8}") = "Post", "Post", "{9486C815-20DD-4AEE-BB4A-F83023BC9ED5}"
EndProject
Project("{2150E333-8FDC-42A3-9474-1A3956D46DE8}") = "Vote", "Vote", "{DBE6B5F1-DC1F-4856-B497-528D25C53A84}"
EndProject
Project("{FAE04EC0-301F-11D3-BF4B-00C04F79EFBC}") = "User.API", "src\Services\User\User.API\User.API.csproj", "{ADDE8554-84CB-4A7C-AFEB-E897797773F7}"
EndProject
Project("{FAE04EC0-301F-11D3-BF4B-00C04F79EFBC}") = "User.Domain", "src\Services\User\User.Domain\User.Domain.csproj", "{E5AA06A7-2EA2-4E19-B7F3-C2DC82D9EA50}"
EndProject
Project("{FAE04EC0-301F-11D3-BF4B-00C04F79EFBC}") = "User.Infrastructure", "src\Services\User\User.Infrastructure\User.Infrastructure.csproj", "{C4EC8A96-6B40-4C50-B91D-8F7629DB8575}"
EndProject
Project("{FAE04EC0-301F-11D3-BF4B-00C04F79EFBC}") = "Post.Domain", "src\Services\Post\Post.Domain\Post.Domain.csproj", "{198A96CB-BC29-4F23-B959-F22FEC69137D}"
EndProject
Project("{FAE04EC0-301F-11D3-BF4B-00C04F79EFBC}") = "Post.Infrastructure", "src\Services\Post\Post.Infrastructure\Post.Infrastructure.csproj", "{6C3E3732-37E5-4B1C-AB82-71B9D5F8F189}"
EndProject
Project("{FAE04EC0-301F-11D3-BF4B-00C04F79EFBC}") = "Post.API", "src\Services\Post\Post.API\Post.API.csproj", "{C3648DBC-DD9B-47D8-BD05-86FB4B9F8575}"
EndProject
Project("{FAE04EC0-301F-11D3-BF4B-00C04F79EFBC}") = "Vote.Domain", "src\Services\Vote\Vote.Domain\Vote.Domain.csproj", "{7545E35C-0A17-4B54-B327-00C4116E8D69}"
EndProject
Project("{FAE04EC0-301F-11D3-BF4B-00C04F79EFBC}") = "Vote.Infrastructure", "src\Services\Vote\Vote.Infrastructure\Vote.Infrastructure.csproj", "{D6F9CF1B-2ABC-4390-871B-50A62F2DAC45}"
EndProject
Project("{FAE04EC0-301F-11D3-BF4B-00C04F79EFBC}") = "Vote.API", "src\Services\Vote\Vote.API\Vote.API.csproj", "{B330D536-3156-4660-8E73-2B93CFB03737}"
EndProject
Global
	GlobalSection(SolutionConfigurationPlatforms) = preSolution
		Debug|Any CPU = Debug|Any CPU
		Release|Any CPU = Release|Any CPU
	EndGlobalSection
	GlobalSection(ProjectConfigurationPlatforms) = postSolution
		{ADDE8554-84CB-4A7C-AFEB-E897797773F7}.Debug|Any CPU.ActiveCfg = Debug|Any CPU
		{ADDE8554-84CB-4A7C-AFEB-E897797773F7}.Debug|Any CPU.Build.0 = Debug|Any CPU
		{ADDE8554-84CB-4A7C-AFEB-E897797773F7}.Release|Any CPU.ActiveCfg = Release|Any CPU
		{ADDE8554-84CB-4A7C-AFEB-E897797773F7}.Release|Any CPU.Build.0 = Release|Any CPU
		{E5AA06A7-2EA2-4E19-B7F3-C2DC82D9EA50}.Debug|Any CPU.ActiveCfg = Debug|Any CPU
		{E5AA06A7-2EA2-4E19-B7F3-C2DC82D9EA50}.Debug|Any CPU.Build.0 = Debug|Any CPU
		{E5AA06A7-2EA2-4E19-B7F3-C2DC82D9EA50}.Release|Any CPU.ActiveCfg = Release|Any CPU
		{E5AA06A7-2EA2-4E19-B7F3-C2DC82D9EA50}.Release|Any CPU.Build.0 = Release|Any CPU
		{C4EC8A96-6B40-4C50-B91D-8F7629DB8575}.Debug|Any CPU.ActiveCfg = Debug|Any CPU
		{C4EC8A96-6B40-4C50-B91D-8F7629DB8575}.Debug|Any CPU.Build.0 = Debug|Any CPU
		{C4EC8A96-6B40-4C50-B91D-8F7629DB8575}.Release|Any CPU.ActiveCfg = Release|Any CPU
		{C4EC8A96-6B40-4C50-B91D-8F7629DB8575}.Release|Any CPU.Build.0 = Release|Any CPU
		{198A96CB-BC29-4F23-B959-F22FEC69137D}.Debug|Any CPU.ActiveCfg = Debug|Any CPU
		{198A96CB-BC29-4F23-B959-F22FEC69137D}.Debug|Any CPU.Build.0 = Debug|Any CPU
		{198A96CB-BC29-4F23-B959-F22FEC69137D}.Release|Any CPU.ActiveCfg = Release|Any CPU
		{198A96CB-BC29-4F23-B959-F22FEC69137D}.Release|Any CPU.Build.0 = Release|Any CPU
		{6C3E3732-37E5-4B1C-AB82-71B9D5F8F189}.Debug|Any CPU.ActiveCfg = Debug|Any CPU
		{6C3E3732-37E5-4B1C-AB82-71B9D5F8F189}.Debug|Any CPU.Build.0 = Debug|Any CPU
		{6C3E3732-37E5-4B1C-AB82-71B9D5F8F189}.Release|Any CPU.ActiveCfg = Release|Any CPU
		{6C3E3732-37E5-4B1C-AB82-71B9D5F8F189}.Release|Any CPU.Build.0 = Release|Any CPU
		{C3648DBC-DD9B-47D8-BD05-86FB4B9F8575}.Debug|Any CPU.ActiveCfg = Debug|Any CPU
		{C3648DBC-DD9B-47D8-BD05-86FB4B9F8575}.Debug|Any CPU.Build.0 = Debug|Any CPU
		{C3648DBC-DD9B-47D8-BD05-86FB4B9F8575}.Release|Any CPU.ActiveCfg = Release|Any CPU
		{C3648DBC-DD9B-47D8-BD05-86FB4B9F8575}.Release|Any CPU.Build.0 = Release|Any CPU
		{7545E35C-0A17-4B54-B327-00C4116E8D69}.Debug|Any CPU.ActiveCfg = Debug|Any CPU
		{7545E35C-0A17-4B54-B327-00C4116E8D69}.Debug|Any CPU.Build.0 = Debug|Any CPU
		{7545E35C-0A17-4B54-B327-00C4116E8D69}.Release|Any CPU.ActiveCfg = Release|Any CPU
		{7545E35C-0A17-4B54-B327-00C4116E8D69}.Release|Any CPU.Build.0 = Release|Any CPU
		{D6F9CF1B-2ABC-4390-871B-50A62F2DAC45}.Debug|Any CPU.ActiveCfg = Debug|Any CPU
		{D6F9CF1B-2ABC-4390-871B-50A62F2DAC45}.Debug|Any CPU.Build.0 = Debug|Any CPU
		{D6F9CF1B-2ABC-4390-871B-50A62F2DAC45}.Release|Any CPU.ActiveCfg = Release|Any CPU
		{D6F9CF1B-2ABC-4390-871B-50A62F2DAC45}.Release|Any CPU.Build.0 = Release|Any CPU
		{B330D536-3156-4660-8E73-2B93CFB03737}.Debug|Any CPU.ActiveCfg = Debug|Any CPU
		{B330D536-3156-4660-8E73-2B93CFB03737}.Debug|Any CPU.Build.0 = Debug|Any CPU
		{B330D536-3156-4660-8E73-2B93CFB03737}.Release|Any CPU.ActiveCfg = Release|Any CPU
		{B330D536-3156-4660-8E73-2B93CFB03737}.Release|Any CPU.Build.0 = Release|Any CPU
	EndGlobalSection
	GlobalSection(SolutionProperties) = preSolution
		HideSolutionNode = FALSE
	EndGlobalSection
	GlobalSection(NestedProjects) = preSolution
		{771BEA3F-0D7E-4CB7-99C9-C0FCAF552FA4} = {25EB0E37-00A4-4C93-A1E1-6F89236BFB71}
		{500DFE73-430E-409C-831F-5BDCFAB433F8} = {771BEA3F-0D7E-4CB7-99C9-C0FCAF552FA4}
		{9486C815-20DD-4AEE-BB4A-F83023BC9ED5} = {771BEA3F-0D7E-4CB7-99C9-C0FCAF552FA4}
		{DBE6B5F1-DC1F-4856-B497-528D25C53A84} = {771BEA3F-0D7E-4CB7-99C9-C0FCAF552FA4}
		{ADDE8554-84CB-4A7C-AFEB-E897797773F7} = {500DFE73-430E-409C-831F-5BDCFAB433F8}
		{E5AA06A7-2EA2-4E19-B7F3-C2DC82D9EA50} = {500DFE73-430E-409C-831F-5BDCFAB433F8}
		{C4EC8A96-6B40-4C50-B91D-8F7629DB8575} = {500DFE73-430E-409C-831F-5BDCFAB433F8}
		{198A96CB-BC29-4F23-B959-F22FEC69137D} = {9486C815-20DD-4AEE-BB4A-F83023BC9ED5}
		{6C3E3732-37E5-4B1C-AB82-71B9D5F8F189} = {9486C815-20DD-4AEE-BB4A-F83023BC9ED5}
		{C3648DBC-DD9B-47D8-BD05-86FB4B9F8575} = {9486C815-20DD-4AEE-BB4A-F83023BC9ED5}
		{7545E35C-0A17-4B54-B327-00C4116E8D69} = {DBE6B5F1-DC1F-4856-B497-528D25C53A84}
		{D6F9CF1B-2ABC-4390-871B-50A62F2DAC45} = {DBE6B5F1-DC1F-4856-B497-528D25C53A84}
		{B330D536-3156-4660-8E73-2B93CFB03737} = {DBE6B5F1-DC1F-4856-B497-528D25C53A84}
	EndGlobalSection
	GlobalSection(ExtensibilityGlobals) = postSolution
		SolutionGuid = {66E2142A-CFDA-401E-B88E-EB82A51B6A17}
	EndGlobalSection
EndGlobal
